// !$*UTF8*$!
{
	archiveVersion = 1;
	classes = {
	};
	objectVersion = 77;
	objects = {

/* Begin PBXBuildFile section */
		60C7B2BC2E9E3DC80061E5E7 /* AppDelegate.swift in Sources */ = {isa = PBXBuildFile; fileRef = 60C7B2B12E9E3DC80061E5E7 /* AppDelegate.swift */; };
		60C7B2BD2E9E3DC80061E5E7 /* FileImageLoader.swift in Sources */ = {isa = PBXBuildFile; fileRef = 60C7B2B32E9E3DC80061E5E7 /* FileImageLoader.swift */; };
		60C7B2BE2E9E3DC80061E5E7 /* SceneDelegate.swift in Sources */ = {isa = PBXBuildFile; fileRef = 60C7B2B92E9E3DC80061E5E7 /* SceneDelegate.swift */; };
		60C7B2BF2E9E3DC80061E5E7 /* ViewController.swift in Sources */ = {isa = PBXBuildFile; fileRef = 60C7B2BA2E9E3DC80061E5E7 /* ViewController.swift */; };
		60C7B2C02E9E3DC80061E5E7 /* libMyUtils_arm64.a in Frameworks */ = {isa = PBXBuildFile; fileRef = 60C7B2AF2E9E3DC80061E5E7 /* libMyUtils_arm64.a */; };
		60C7B2C12E9E3DC80061E5E7 /* Assets.xcassets in Resources */ = {isa = PBXBuildFile; fileRef = 60C7B2B22E9E3DC80061E5E7 /* Assets.xcassets */; };
		60C7B2C32E9E3DC80061E5E7 /* LaunchScreen.storyboard in Resources */ = {isa = PBXBuildFile; fileRef = 60C7B2B62E9E3DC80061E5E7 /* LaunchScreen.storyboard */; };
		60C7B2C42E9E3DC80061E5E7 /* Main.storyboard in Resources */ = {isa = PBXBuildFile; fileRef = 60C7B2B82E9E3DC80061E5E7 /* Main.storyboard */; };
		60C7B2CD2E9E40820061E5E7 /* libc++.tbd in Frameworks */ = {isa = PBXBuildFile; fileRef = 60C7B2CC2E9E40820061E5E7 /* libc++.tbd */; };
/* End PBXBuildFile section */

/* Begin PBXFileReference section */
		60955C5D2E9A32090073916F /* FileImageLoader.app */ = {isa = PBXFileReference; explicitFileType = wrapper.application; includeInIndex = 0; path = FileImageLoader.app; sourceTree = BUILT_PRODUCTS_DIR; };
		60C7B2AC2E9E3DC80061E5E7 /* MathUtils.h */ = {isa = PBXFileReference; lastKnownFileType = sourcecode.c.h; path = MathUtils.h; sourceTree = "<group>"; };
		60C7B2AD2E9E3DC80061E5E7 /* StringUtils.h */ = {isa = PBXFileReference; lastKnownFileType = sourcecode.c.h; path = StringUtils.h; sourceTree = "<group>"; };
		60C7B2AF2E9E3DC80061E5E7 /* libMyUtils_arm64.a */ = {isa = PBXFileReference; lastKnownFileType = archive.ar; path = libMyUtils_arm64.a; sourceTree = "<group>"; };
		60C7B2B12E9E3DC80061E5E7 /* AppDelegate.swift */ = {isa = PBXFileReference; lastKnownFileType = sourcecode.swift; path = AppDelegate.swift; sourceTree = "<group>"; };
		60C7B2B22E9E3DC80061E5E7 /* Assets.xcassets */ = {isa = PBXFileReference; lastKnownFileType = folder.assetcatalog; path = Assets.xcassets; sourceTree = "<group>"; };
		60C7B2B32E9E3DC80061E5E7 /* FileImageLoader.swift */ = {isa = PBXFileReference; lastKnownFileType = sourcecode.swift; path = FileImageLoader.swift; sourceTree = "<group>"; };
		60C7B2B42E9E3DC80061E5E7 /* Info.plist */ = {isa = PBXFileReference; lastKnownFileType = text.plist.xml; path = Info.plist; sourceTree = "<group>"; };
		60C7B2B52E9E3DC80061E5E7 /* Base */ = {isa = PBXFileReference; lastKnownFileType = file.storyboard; name = Base; path = Base.lproj/LaunchScreen.storyboard; sourceTree = "<group>"; };
		60C7B2B72E9E3DC80061E5E7 /* Base */ = {isa = PBXFileReference; lastKnownFileType = file.storyboard; name = Base; path = Base.lproj/Main.storyboard; sourceTree = "<group>"; };
		60C7B2B92E9E3DC80061E5E7 /* SceneDelegate.swift */ = {isa = PBXFileReference; lastKnownFileType = sourcecode.swift; path = SceneDelegate.swift; sourceTree = "<group>"; };
		60C7B2BA2E9E3DC80061E5E7 /* ViewController.swift */ = {isa = PBXFileReference; lastKnownFileType = sourcecode.swift; path = ViewController.swift; sourceTree = "<group>"; };
		60C7B2C52E9E3E070061E5E7 /* FileImageLoader-Bridging-Header.h */ = {isa = PBXFileReference; lastKnownFileType = sourcecode.c.h; path = "FileImageLoader-Bridging-Header.h"; sourceTree = "<group>"; };
		60C7B2CC2E9E40820061E5E7 /* libc++.tbd */ = {isa = PBXFileReference; lastKnownFileType = "sourcecode.text-based-dylib-definition"; name = "libc++.tbd"; path = "usr/lib/libc++.tbd"; sourceTree = SDKROOT; };
/* End PBXFileReference section */

/* Begin PBXFrameworksBuildPhase section */
		60955C5A2E9A32090073916F /* Frameworks */ = {
			isa = PBXFrameworksBuildPhase;
			buildActionMask = 2147483647;
			files = (
				60C7B2CD2E9E40820061E5E7 /* libc++.tbd in Frameworks */,
				60C7B2C02E9E3DC80061E5E7 /* libMyUtils_arm64.a in Frameworks */,
			);
			runOnlyForDeploymentPostprocessing = 0;
		};
/* End PBXFrameworksBuildPhase section */

/* Begin PBXGroup section */
		60955C542E9A32090073916F = {
			isa = PBXGroup;
			children = (
				60C7B2B02E9E3DC80061E5E7 /* Libraries */,
				60C7B2BB2E9E3DC80061E5E7 /* FileImageLoader */,
				60C7B2CB2E9E40820061E5E7 /* Frameworks */,
				60955C5E2E9A32090073916F /* Products */,
			);
			sourceTree = "<group>";
		};
		60955C5E2E9A32090073916F /* Products */ = {
			isa = PBXGroup;
			children = (
				60955C5D2E9A32090073916F /* FileImageLoader.app */,
			);
			name = Products;
			sourceTree = "<group>";
		};
		60C7B2AE2E9E3DC80061E5E7 /* include */ = {
			isa = PBXGroup;
			children = (
				60C7B2AC2E9E3DC80061E5E7 /* MathUtils.h */,
				60C7B2AD2E9E3DC80061E5E7 /* StringUtils.h */,
			);
			path = include;
			sourceTree = "<group>";
		};
		60C7B2B02E9E3DC80061E5E7 /* Libraries */ = {
			isa = PBXGroup;
			children = (
				60C7B2AF2E9E3DC80061E5E7 /* libMyUtils_arm64.a */,
				60C7B2AE2E9E3DC80061E5E7 /* include */,
			);
			path = Libraries;
			sourceTree = "<group>";
		};
		60C7B2BB2E9E3DC80061E5E7 /* FileImageLoader */ = {
			isa = PBXGroup;
			children = (
				60C7B2B12E9E3DC80061E5E7 /* AppDelegate.swift */,
				60C7B2B22E9E3DC80061E5E7 /* Assets.xcassets */,
				60C7B2B32E9E3DC80061E5E7 /* FileImageLoader.swift */,
				60C7B2B42E9E3DC80061E5E7 /* Info.plist */,
				60C7B2B62E9E3DC80061E5E7 /* LaunchScreen.storyboard */,
				60C7B2B82E9E3DC80061E5E7 /* Main.storyboard */,
				60C7B2B92E9E3DC80061E5E7 /* SceneDelegate.swift */,
				60C7B2BA2E9E3DC80061E5E7 /* ViewController.swift */,
				60C7B2C52E9E3E070061E5E7 /* FileImageLoader-Bridging-Header.h */,
			);
			path = FileImageLoader;
			sourceTree = "<group>";
		};
		60C7B2CB2E9E40820061E5E7 /* Frameworks */ = {
			isa = PBXGroup;
			children = (
				60C7B2CC2E9E40820061E5E7 /* libc++.tbd */,
			);
			name = Frameworks;
			sourceTree = "<group>";
		};
/* End PBXGroup section */

/* Begin PBXNativeTarget section */
		60955C5C2E9A32090073916F /* FileImageLoader */ = {
			isa = PBXNativeTarget;
			buildConfigurationList = 60955C702E9A320A0073916F /* Build configuration list for PBXNativeTarget "FileImageLoader" */;
			buildPhases = (
				60955C592E9A32090073916F /* Sources */,
				60955C5A2E9A32090073916F /* Frameworks */,
				60955C5B2E9A32090073916F /* Resources */,
			);
			buildRules = (
			);
			dependencies = (
			);
			name = FileImageLoader;
			packageProductDependencies = (
			);
			productName = FileImageLoader;
			productReference = 60955C5D2E9A32090073916F /* FileImageLoader.app */;
			productType = "com.apple.product-type.application";
		};
/* End PBXNativeTarget section */

/* Begin PBXProject section */
		60955C552E9A32090073916F /* Project object */ = {
			isa = PBXProject;
			attributes = {
				BuildIndependentTargetsInParallel = 1;
				LastSwiftUpdateCheck = 2600;
				LastUpgradeCheck = 2600;
				TargetAttributes = {
					60955C5C2E9A32090073916F = {
						CreatedOnToolsVersion = 26.0;
						LastSwiftMigration = 2600;
					};
				};
			};
			buildConfigurationList = 60955C582E9A32090073916F /* Build configuration list for PBXProject "FileImageLoader" */;
			developmentRegion = en;
			hasScannedForEncodings = 0;
			knownRegions = (
				en,
				Base,
			);
			mainGroup = 60955C542E9A32090073916F;
			minimizedProjectReferenceProxies = 1;
			preferredProjectObjectVersion = 77;
			productRefGroup = 60955C5E2E9A32090073916F /* Products */;
			projectDirPath = "";
			projectRoot = "";
			targets = (
				60955C5C2E9A32090073916F /* FileImageLoader */,
			);
		};
/* End PBXProject section */

/* Begin PBXResourcesBuildPhase section */
		60955C5B2E9A32090073916F /* Resources */ = {
			isa = PBXResourcesBuildPhase;
			buildActionMask = 2147483647;
			files = (
				60C7B2C12E9E3DC80061E5E7 /* Assets.xcassets in Resources */,
				60C7B2C32E9E3DC80061E5E7 /* LaunchScreen.storyboard in Resources */,
				60C7B2C42E9E3DC80061E5E7 /* Main.storyboard in Resources */,
			);
			runOnlyForDeploymentPostprocessing = 0;
		};
/* End PBXResourcesBuildPhase section */

/* Begin PBXSourcesBuildPhase section */
		60955C592E9A32090073916F /* Sources */ = {
			isa = PBXSourcesBuildPhase;
			buildActionMask = 2147483647;
			files = (
				60C7B2BC2E9E3DC80061E5E7 /* AppDelegate.swift in Sources */,
				60C7B2BD2E9E3DC80061E5E7 /* FileImageLoader.swift in Sources */,
				60C7B2BE2E9E3DC80061E5E7 /* SceneDelegate.swift in Sources */,
				60C7B2BF2E9E3DC80061E5E7 /* ViewController.swift in Sources */,
			);
			runOnlyForDeploymentPostprocessing = 0;
		};
/* End PBXSourcesBuildPhase section */

/* Begin PBXVariantGroup section */
		60C7B2B62E9E3DC80061E5E7 /* LaunchScreen.storyboard */ = {
			isa = PBXVariantGroup;
			children = (
				60C7B2B52E9E3DC80061E5E7 /* Base */,
			);
			name = LaunchScreen.storyboard;
			sourceTree = "<group>";
		};
		60C7B2B82E9E3DC80061E5E7 /* Main.storyboard */ = {
			isa = PBXVariantGroup;
			children = (
				60C7B2B72E9E3DC80061E5E7 /* Base */,
			);
			name = Main.storyboard;
			sourceTree = "<group>";
		};
/* End PBXVariantGroup section */

/* Begin XCBuildConfiguration section */
		60955C712E9A320A0073916F /* Debug */ = {
			isa = XCBuildConfiguration;
			buildSettings = {
				ASSETCATALOG_COMPILER_APPICON_NAME = AppIcon;
				ASSETCATALOG_COMPILER_GLOBAL_ACCENT_COLOR_NAME = AccentColor;
				CLANG_ENABLE_MODULES = YES;
				CODE_SIGN_STYLE = Automatic;
				CURRENT_PROJECT_VERSION = 100;
				GENERATE_INFOPLIST_FILE = YES;
				HEADER_SEARCH_PATHS = "$(SRCROOT)/Libraries/include/**";
				INFOPLIST_FILE = FileImageLoader/Info.plist;
				INFOPLIST_KEY_UIApplicationSupportsIndirectInputEvents = YES;
				INFOPLIST_KEY_UILaunchStoryboardName = LaunchScreen;
				INFOPLIST_KEY_UIMainStoryboardFile = Main;
				INFOPLIST_KEY_UISupportedInterfaceOrientations = UIInterfaceOrientationPortrait;
				INFOPLIST_KEY_UISupportedInterfaceOrientations_iPad = "UIInterfaceOrientationLandscapeLeft UIInterfaceOrientationLandscapeRight UIInterfaceOrientationPortrait UIInterfaceOrientationPortraitUpsideDown";
				IPHONEOS_DEPLOYMENT_TARGET = 15.6;
				LD_RUNPATH_SEARCH_PATHS = (
					"$(inherited)",
					"@executable_path/Frameworks",
				);
				LIBRARY_SEARCH_PATHS = (
					"$(PROJECT_DIR)/Libraries",
					"$(inherited)",
				);
				MARKETING_VERSION = 1.0.0;
				OTHER_LDFLAGS = "-lc++";
				PRODUCT_BUNDLE_IDENTIFIER = com.fisher.FileImageLoader;
				PRODUCT_NAME = "$(TARGET_NAME)";
				STRING_CATALOG_GENERATE_SYMBOLS = YES;
				SUPPORTED_PLATFORMS = "iphoneos iphonesimulator";
				SUPPORTS_MACCATALYST = NO;
				SUPPORTS_MAC_DESIGNED_FOR_IPHONE_IPAD = NO;
				SUPPORTS_XR_DESIGNED_FOR_IPHONE_IPAD = NO;
				SWIFT_APPROACHABLE_CONCURRENCY = YES;
				SWIFT_DEFAULT_ACTOR_ISOLATION = MainActor;
				SWIFT_EMIT_LOC_STRINGS = YES;
				SWIFT_OBJC_BRIDGING_HEADER = "FileImageLoader/FileImageLoader-Bridging-Header.h";
				SWIFT_OPTIMIZATION_LEVEL = "-Onone";
				SWIFT_UPCOMING_FEATURE_MEMBER_IMPORT_VISIBILITY = YES;
				SWIFT_VERSION = 5.0;
				TARGETED_DEVICE_FAMILY = 1;
			};
			name = Debug;
		};
		60955C722E9A320A0073916F /* Release */ = {
			isa = XCBuildConfiguration;
			buildSettings = {
				ASSETCATALOG_COMPILER_APPICON_NAME = AppIcon;
				ASSETCATALOG_COMPILER_GLOBAL_ACCENT_COLOR_NAME = AccentColor;
				CLANG_ENABLE_MODULES = YES;
				CODE_SIGN_STYLE = Automatic;
				CURRENT_PROJECT_VERSION = 100;
				GENERATE_INFOPLIST_FILE = YES;
				HEADER_SEARCH_PATHS = "$(SRCROOT)/Libraries/include/**";
				INFOPLIST_FILE = FileImageLoader/Info.plist;
				INFOPLIST_KEY_UIApplicationSupportsIndirectInputEvents = YES;
				INFOPLIST_KEY_UILaunchStoryboardName = LaunchScreen;
				INFOPLIST_KEY_UIMainStoryboardFile = Main;
				INFOPLIST_KEY_UISupportedInterfaceOrientations = UIInterfaceOrientationPortrait;
				INFOPLIST_KEY_UISupportedInterfaceOrientations_iPad = "UIInterfaceOrientationLandscapeLeft UIInterfaceOrientationLandscapeRight UIInterfaceOrientationPortrait UIInterfaceOrientationPortraitUpsideDown";
				IPHONEOS_DEPLOYMENT_TARGET = 15.6;
				LD_RUNPATH_SEARCH_PATHS = (
					"$(inherited)",
					"@executable_path/Frameworks",
				);
				LIBRARY_SEARCH_PATHS = (
					"$(PROJECT_DIR)/Libraries",
					"$(inherited)",
				);
				MARKETING_VERSION = 1.0.0;
				OTHER_LDFLAGS = "-lc++";
				PRODUCT_BUNDLE_IDENTIFIER = com.fisher.FileImageLoader;
				PRODUCT_NAME = "$(TARGET_NAME)";
				STRING_CATALOG_GENERATE_SYMBOLS = YES;
				SUPPORTED_PLATFORMS = "iphoneos iphonesimulator";
				SUPPORTS_MACCATALYST = NO;
				SUPPORTS_MAC_DESIGNED_FOR_IPHONE_IPAD = NO;
				SUPPORTS_XR_DESIGNED_FOR_IPHONE_IPAD = NO;
				SWIFT_APPROACHABLE_CONCURRENCY = YES;
				SWIFT_DEFAULT_ACTOR_ISOLATION = MainActor;
				SWIFT_EMIT_LOC_STRINGS = YES;
				SWIFT_OBJC_BRIDGING_HEADER = "FileImageLoader/FileImageLoader-Bridging-Header.h";
				SWIFT_UPCOMING_FEATURE_MEMBER_IMPORT_VISIBILITY = YES;
				SWIFT_VERSION = 5.0;
				TARGETED_DEVICE_FAMILY = 1;
			};
			name = Release;
		};
		60955C732E9A320A0073916F /* Debug */ = {
			isa = XCBuildConfiguration;
			buildSettings = {
				ALWAYS_SEARCH_USER_PATHS = NO;
				ASSETCATALOG_COMPILER_GENERATE_SWIFT_ASSET_SYMBOL_EXTENSIONS = YES;
				CLANG_ANALYZER_NONNULL = YES;
				CLANG_ANALYZER_NUMBER_OBJECT_CONVERSION = YES_AGGRESSIVE;
				CLANG_CXX_LANGUAGE_STANDARD = "gnu++20";
				CLANG_ENABLE_MODULES = YES;
				CLANG_ENABLE_OBJC_ARC = YES;
				CLANG_ENABLE_OBJC_WEAK = YES;
				CLANG_WARN_BLOCK_CAPTURE_AUTORELEASING = YES;
				CLANG_WARN_BOOL_CONVERSION = YES;
				CLANG_WARN_COMMA = YES;
				CLANG_WARN_CONSTANT_CONVERSION = YES;
				CLANG_WARN_DEPRECATED_OBJC_IMPLEMENTATIONS = YES;
				CLANG_WARN_DIRECT_OBJC_ISA_USAGE = YES_ERROR;
				CLANG_WARN_DOCUMENTATION_COMMENTS = YES;
				CLANG_WARN_EMPTY_BODY = YES;
				CLANG_WARN_ENUM_CONVERSION = YES;
				CLANG_WARN_INFINITE_RECURSION = YES;
				CLANG_WARN_INT_CONVERSION = YES;
				CLANG_WARN_NON_LITERAL_NULL_CONVERSION = YES;
				CLANG_WARN_OBJC_IMPLICIT_RETAIN_SELF = YES;
				CLANG_WARN_OBJC_LITERAL_CONVERSION = YES;
				CLANG_WARN_OBJC_ROOT_CLASS = YES_ERROR;
				CLANG_WARN_QUOTED_INCLUDE_IN_FRAMEWORK_HEADER = YES;
				CLANG_WARN_RANGE_LOOP_ANALYSIS = YES;
				CLANG_WARN_STRICT_PROTOTYPES = YES;
				CLANG_WARN_SUSPICIOUS_MOVE = YES;
				CLANG_WARN_UNGUARDED_AVAILABILITY = YES_AGGRESSIVE;
				CLANG_WARN_UNREACHABLE_CODE = YES;
				CLANG_WARN__DUPLICATE_METHOD_MATCH = YES;
				COPY_PHASE_STRIP = NO;
				DEBUG_INFORMATION_FORMAT = dwarf;
				ENABLE_STRICT_OBJC_MSGSEND = YES;
				ENABLE_TESTABILITY = YES;
				ENABLE_USER_SCRIPT_SANDBOXING = YES;
				GCC_C_LANGUAGE_STANDARD = gnu17;
				GCC_DYNAMIC_NO_PIC = NO;
				GCC_NO_COMMON_BLOCKS = YES;
				GCC_OPTIMIZATION_LEVEL = 0;
				GCC_PREPROCESSOR_DEFINITIONS = (
					"DEBUG=1",
					"$(inherited)",
				);
				GCC_WARN_64_TO_32_BIT_CONVERSION = YES;
				GCC_WARN_ABOUT_RETURN_TYPE = YES_ERROR;
				GCC_WARN_UNDECLARED_SELECTOR = YES;
				GCC_WARN_UNINITIALIZED_AUTOS = YES_AGGRESSIVE;
				GCC_WARN_UNUSED_FUNCTION = YES;
				GCC_WARN_UNUSED_VARIABLE = YES;
				IPHONEOS_DEPLOYMENT_TARGET = 26.0;
				LOCALIZATION_PREFERS_STRING_CATALOGS = YES;
				MTL_ENABLE_DEBUG_INFO = INCLUDE_SOURCE;
				MTL_FAST_MATH = YES;
				ONLY_ACTIVE_ARCH = YES;
				SDKROOT = iphoneos;
				SWIFT_ACTIVE_COMPILATION_CONDITIONS = "DEBUG $(inherited)";
				SWIFT_OPTIMIZATION_LEVEL = "-Onone";
			};
			name = Debug;
		};
		60955C742E9A320A0073916F /* Release */ = {
			isa = XCBuildConfiguration;
			buildSettings = {
				ALWAYS_SEARCH_USER_PATHS = NO;
				ASSETCATALOG_COMPILER_GENERATE_SWIFT_ASSET_SYMBOL_EXTENSIONS = YES;
				CLANG_ANALYZER_NONNULL = YES;
				CLANG_ANALYZER_NUMBER_OBJECT_CONVERSION = YES_AGGRESSIVE;
				CLANG_CXX_LANGUAGE_STANDARD = "gnu++20";
				CLANG_ENABLE_MODULES = YES;
				CLANG_ENABLE_OBJC_ARC = YES;
				CLANG_ENABLE_OBJC_WEAK = YES;
				CLANG_WARN_BLOCK_CAPTURE_AUTORELEASING = YES;
				CLANG_WARN_BOOL_CONVERSION = YES;
				CLANG_WARN_COMMA = YES;
				CLANG_WARN_CONSTANT_CONVERSION = YES;
				CLANG_WARN_DEPRECATED_OBJC_IMPLEMENTATIONS = YES;
				CLANG_WARN_DIRECT_OBJC_ISA_USAGE = YES_ERROR;
				CLANG_WARN_DOCUMENTATION_COMMENTS = YES;
				CLANG_WARN_EMPTY_BODY = YES;
				CLANG_WARN_ENUM_CONVERSION = YES;
				CLANG_WARN_INFINITE_RECURSION = YES;
				CLANG_WARN_INT_CONVERSION = YES;
				CLANG_WARN_NON_LITERAL_NULL_CONVERSION = YES;
				CLANG_WARN_OBJC_IMPLICIT_RETAIN_SELF = YES;
				CLANG_WARN_OBJC_LITERAL_CONVERSION = YES;
				CLANG_WARN_OBJC_ROOT_CLASS = YES_ERROR;
				CLANG_WARN_QUOTED_INCLUDE_IN_FRAMEWORK_HEADER = YES;
				CLANG_WARN_RANGE_LOOP_ANALYSIS = YES;
				CLANG_WARN_STRICT_PROTOTYPES = YES;
				CLANG_WARN_SUSPICIOUS_MOVE = YES;
				CLANG_WARN_UNGUARDED_AVAILABILITY = YES_AGGRESSIVE;
				CLANG_WARN_UNREACHABLE_CODE = YES;
				CLANG_WARN__DUPLICATE_METHOD_MATCH = YES;
				COPY_PHASE_STRIP = NO;
				DEBUG_INFORMATION_FORMAT = "dwarf-with-dsym";
				ENABLE_NS_ASSERTIONS = NO;
				ENABLE_STRICT_OBJC_MSGSEND = YES;
				ENABLE_USER_SCRIPT_SANDBOXING = YES;
				GCC_C_LANGUAGE_STANDARD = gnu17;
				GCC_NO_COMMON_BLOCKS = YES;
				GCC_WARN_64_TO_32_BIT_CONVERSION = YES;
				GCC_WARN_ABOUT_RETURN_TYPE = YES_ERROR;
				GCC_WARN_UNDECLARED_SELECTOR = YES;
				GCC_WARN_UNINITIALIZED_AUTOS = YES_AGGRESSIVE;
				GCC_WARN_UNUSED_FUNCTION = YES;
				GCC_WARN_UNUSED_VARIABLE = YES;
				IPHONEOS_DEPLOYMENT_TARGET = 26.0;
				LOCALIZATION_PREFERS_STRING_CATALOGS = YES;
				MTL_ENABLE_DEBUG_INFO = NO;
				MTL_FAST_MATH = YES;
				SDKROOT = iphoneos;
				SWIFT_COMPILATION_MODE = wholemodule;
				VALIDATE_PRODUCT = YES;
			};
			name = Release;
		};
/* End XCBuildConfiguration section */

/* Begin XCConfigurationList section */
		60955C582E9A32090073916F /* Build configuration list for PBXProject "FileImageLoader" */ = {
			isa = XCConfigurationList;
			buildConfigurations = (
				60955C732E9A320A0073916F /* Debug */,
				60955C742E9A320A0073916F /* Release */,
			);
			defaultConfigurationIsVisible = 0;
			defaultConfigurationName = Release;
		};
		60955C702E9A320A0073916F /* Build configuration list for PBXNativeTarget "FileImageLoader" */ = {
			isa = XCConfigurationList;
			buildConfigurations = (
				60955C712E9A320A0073916F /* Debug */,
				60955C722E9A320A0073916F /* Release */,
			);
			defaultConfigurationIsVisible = 0;
			defaultConfigurationName = Release;
		};
/* End XCConfigurationList section */
	};
	rootObject = 60955C552E9A32090073916F /* Project object */;
}
